
Microsoft Visual Studio Solution File, Format Version 12.00
# Visual Studio Version 17
VisualStudioVersion = 17.0.31903.59
MinimumVisualStudioVersion = 10.0.40219.1
Project("{FAE04EC0-301F-11D3-BF4B-00C04F79EFBC}") = "kaddac", "kaddac\kaddac.csproj", "{AE9EB61D-96FA-4F0C-B861-56C443B8D07F}"
EndProject
Project("{FAE04EC0-301F-11D3-BF4B-00C04F79EFBC}") = "kaddac.Tests", "kaddac.Tests\kaddac.Tests.csproj", "{BB0EAB13-1E7B-47B0-BC83-63EF3A31AFFD}"
EndProject
Global
	GlobalSection(SolutionConfigurationPlatforms) = preSolution
		Debug|Any CPU = Debug|Any CPU
		Debug|x64 = Debug|x64
		Debug|x86 = Debug|x86
		Release|Any CPU = Release|Any CPU
		Release|x64 = Release|x64
		Release|x86 = Release|x86
	EndGlobalSection
	GlobalSection(ProjectConfigurationPlatforms) = postSolution
		{AE9EB61D-96FA-4F0C-B861-56C443B8D07F}.Debug|Any CPU.ActiveCfg = Debug|Any CPU
		{AE9EB61D-96FA-4F0C-B861-56C443B8D07F}.Debug|Any CPU.Build.0 = Debug|Any CPU
		{AE9EB61D-96FA-4F0C-B861-56C443B8D07F}.Debug|x64.ActiveCfg = Debug|Any CPU
		{AE9EB61D-96FA-4F0C-B861-56C443B8D07F}.Debug|x64.Build.0 = Debug|Any CPU
		{AE9EB61D-96FA-4F0C-B861-56C443B8D07F}.Debug|x86.ActiveCfg = Debug|Any CPU
		{AE9EB61D-96FA-4F0C-B861-56C443B8D07F}.Debug|x86.Build.0 = Debug|Any CPU
		{AE9EB61D-96FA-4F0C-B861-56C443B8D07F}.Release|Any CPU.ActiveCfg = Release|Any CPU
		{AE9EB61D-96FA-4F0C-B861-56C443B8D07F}.Release|Any CPU.Build.0 = Release|Any CPU
		{AE9EB61D-96FA-4F0C-B861-56C443B8D07F}.Release|x64.ActiveCfg = Release|Any CPU
		{AE9EB61D-96FA-4F0C-B861-56C443B8D07F}.Release|x64.Build.0 = Release|Any CPU
		{AE9EB61D-96FA-4F0C-B861-56C443B8D07F}.Release|x86.ActiveCfg = Release|Any CPU
		{AE9EB61D-96FA-4F0C-B861-56C443B8D07F}.Release|x86.Build.0 = Release|Any CPU
		{BB0EAB13-1E7B-47B0-BC83-63EF3A31AFFD}.Debug|Any CPU.ActiveCfg = Debug|Any CPU
		{BB0EAB13-1E7B-47B0-BC83-63EF3A31AFFD}.Debug|Any CPU.Build.0 = Debug|Any CPU
		{BB0EAB13-1E7B-47B0-BC83-63EF3A31AFFD}.Debug|x64.ActiveCfg = Debug|Any CPU
		{BB0EAB13-1E7B-47B0-BC83-63EF3A31AFFD}.Debug|x64.Build.0 = Debug|Any CPU
		{BB0EAB13-1E7B-47B0-BC83-63EF3A31AFFD}.Debug|x86.ActiveCfg = Debug|Any CPU
		{BB0EAB13-1E7B-47B0-BC83-63EF3A31AFFD}.Debug|x86.Build.0 = Debug|Any CPU
		{BB0EAB13-1E7B-47B0-BC83-63EF3A31AFFD}.Release|Any CPU.ActiveCfg = Release|Any CPU
		{BB0EAB13-1E7B-47B0-BC83-63EF3A31AFFD}.Release|Any CPU.Build.0 = Release|Any CPU
		{BB0EAB13-1E7B-47B0-BC83-63EF3A31AFFD}.Release|x64.ActiveCfg = Release|Any CPU
		{BB0EAB13-1E7B-47B0-BC83-63EF3A31AFFD}.Release|x64.Build.0 = Release|Any CPU
		{BB0EAB13-1E7B-47B0-BC83-63EF3A31AFFD}.Release|x86.ActiveCfg = Release|Any CPU
		{BB0EAB13-1E7B-47B0-BC83-63EF3A31AFFD}.Release|x86.Build.0 = Release|Any CPU
	EndGlobalSection
	GlobalSection(SolutionProperties) = preSolution
		HideSolutionNode = FALSE
	EndGlobalSection
EndGlobal
